
Microsoft Visual Studio Solution File, Format Version 12.00
# Visual Studio Version 17
VisualStudioVersion = 17.1.32210.238
MinimumVisualStudioVersion = 10.0.40219.1
Project("{778DAE3C-4631-46EA-AA77-85C1314464D9}") = "1.01.GradosFahrenheitVb", "GradosFahrenheitVb\1.01.GradosFahrenheitVb.vbproj", "{591961F0-6FF4-45D4-AB7C-5C8C4B5959F7}"
EndProject
Project("{9A19103F-16F7-4668-BE54-9A1E7A4F7556}") = "1.01.GradosFahrenheitCs", "GradosFahrenheitCs\1.01.GradosFahrenheitCs.csproj", "{C6A72682-2107-4F0B-85EB-E98226E52DC5}"
EndProject
Project("{FAE04EC0-301F-11D3-BF4B-00C04F79EFBC}") = "1.02.VelocidadDeLaLuzCs", "1.02.VelocidadDeLaLuzCs\1.02.VelocidadDeLaLuzCs.csproj", "{54DAD429-2D48-45AE-A023-CB75A5E1635A}"
EndProject
Project("{F184B08F-C81C-45F6-A57F-5ABD9991F28F}") = "1.02.VelocidadDeLaLuzVb", "1.02.VelocidadDeLaLuzVb\1.02.VelocidadDeLaLuzVb.vbproj", "{D53CE18E-E7C3-452A-8DCC-9B3E2D5F8DA6}"
EndProject
Project("{FAE04EC0-301F-11D3-BF4B-00C04F79EFBC}") = "1.03.EquivalenciasHorasCs", "1.03.EquivalenciasHoras\1.03.EquivalenciasHorasCs.csproj", "{433C604E-12FF-4ACF-A7CE-9714A0832F21}"
EndProject
Project("{F184B08F-C81C-45F6-A57F-5ABD9991F28F}") = "1.03.EquivalenciasHorasVb", "1.03.EquivalenciasHorasVb\1.03.EquivalenciasHorasVb.vbproj", "{1CCDF73D-074E-41E0-BF23-1E2AA36BA205}"
EndProject
Project("{FAE04EC0-301F-11D3-BF4B-00C04F79EFBC}") = "1.04.CotizaciónTerrenoCs", "1.04.CotizaciónTerrenoCs\1.04.CotizaciónTerrenoCs.csproj", "{F33DE70F-7FBD-4CF7-BE70-5F511BA0D798}"
EndProject
Project("{F184B08F-C81C-45F6-A57F-5ABD9991F28F}") = "1.04.CotizaciónTerrenoVb", "1.04.CotizaciónTerrenoVb\1.04.CotizaciónTerrenoVb.vbproj", "{E61FC475-E25F-4544-A873-59F1B9216500}"
EndProject
Project("{FAE04EC0-301F-11D3-BF4B-00C04F79EFBC}") = "1.05.CotizacionDolarCs", "1.05.CotizaciónDólar\1.05.CotizacionDolarCs.csproj", "{DD8FF908-F97D-4A70-8006-D2975BB7203F}"
EndProject
Project("{F184B08F-C81C-45F6-A57F-5ABD9991F28F}") = "1.05.CotizacionDolarVb", "1.05.CotizacionDolarVb\1.05.CotizacionDolarVb.vbproj", "{FA07B222-8085-462A-913F-DC6245D338F1}"
EndProject
Project("{FAE04EC0-301F-11D3-BF4B-00C04F79EFBC}") = "1.06.SumaPromedioCs", "1.06.SumaPromedio\1.06.SumaPromedioCs.csproj", "{F5BFE86E-0073-4F7F-8902-6E3892D7140F}"
EndProject
Project("{F184B08F-C81C-45F6-A57F-5ABD9991F28F}") = "1.06.SumaPromedioVb", "1.06.SumaPromedioVb\1.06.SumaPromedioVb.vbproj", "{6EEF5720-D6B2-4230-877F-77337FF8EF25}"
EndProject
Project("{FAE04EC0-301F-11D3-BF4B-00C04F79EFBC}") = "1.07.FacturaciónCs", "1.07.FacturaciónCs\1.07.FacturaciónCs.csproj", "{FD60530B-D458-4FD9-87EF-B8F060DBD914}"
EndProject
Project("{F184B08F-C81C-45F6-A57F-5ABD9991F28F}") = "1.07.FacturaciónVb", "1.07.FacturaciónVb\1.07.FacturaciónVb.vbproj", "{168CDCF3-5C9C-4179-A257-0AC98B9A2FEB}"
EndProject
Project("{FAE04EC0-301F-11D3-BF4B-00C04F79EFBC}") = "1.08.EquivalenciasPiesCs", "1.08.EquivalenciasPiesCs\1.08.EquivalenciasPiesCs.csproj", "{F4A0D604-5A98-4857-A558-304BF72A3D89}"
EndProject
Project("{F184B08F-C81C-45F6-A57F-5ABD9991F28F}") = "1.08.EquivalenciasPiesVb", "1.08.EquivalenciasPiesVb\1.08.EquivalenciasPiesVb.vbproj", "{818BE394-BAA2-4C87-8CFE-A06DEDBD71FD}"
EndProject
Project("{FAE04EC0-301F-11D3-BF4B-00C04F79EFBC}") = "1.09.AreaCirculoCs", "1.09.AreaCirculo\1.09.AreaCirculoCs.csproj", "{C847DCE0-75C0-4EE0-A1BB-201361CDA0A4}"
EndProject
Project("{F184B08F-C81C-45F6-A57F-5ABD9991F28F}") = "1.09.AreaCirculoVb", "1.09.AreaCirculoVb\1.09.AreaCirculoVb.vbproj", "{44FC029C-2988-40E4-9FD0-519FABBCB41C}"
EndProject
Project("{FAE04EC0-301F-11D3-BF4B-00C04F79EFBC}") = "1.10.AritmeticasCs", "1.10.AritmeticasCs\1.10.AritmeticasCs.csproj", "{5EE5BEE2-BAFA-4E53-A697-B1FDDB6EF1ED}"
EndProject
Project("{F184B08F-C81C-45F6-A57F-5ABD9991F28F}") = "1.10.AritmeticasVb", "1.10.AritmeticasVb\1.10.AritmeticasVb.vbproj", "{8441F551-AA6F-4485-BB51-403A88651422}"
EndProject
Global
	GlobalSection(SolutionConfigurationPlatforms) = preSolution
		Debug|Any CPU = Debug|Any CPU
		Release|Any CPU = Release|Any CPU
	EndGlobalSection
	GlobalSection(ProjectConfigurationPlatforms) = postSolution
		{591961F0-6FF4-45D4-AB7C-5C8C4B5959F7}.Debug|Any CPU.ActiveCfg = Debug|Any CPU
		{591961F0-6FF4-45D4-AB7C-5C8C4B5959F7}.Debug|Any CPU.Build.0 = Debug|Any CPU
		{591961F0-6FF4-45D4-AB7C-5C8C4B5959F7}.Release|Any CPU.ActiveCfg = Release|Any CPU
		{591961F0-6FF4-45D4-AB7C-5C8C4B5959F7}.Release|Any CPU.Build.0 = Release|Any CPU
		{C6A72682-2107-4F0B-85EB-E98226E52DC5}.Debug|Any CPU.ActiveCfg = Debug|Any CPU
		{C6A72682-2107-4F0B-85EB-E98226E52DC5}.Debug|Any CPU.Build.0 = Debug|Any CPU
		{C6A72682-2107-4F0B-85EB-E98226E52DC5}.Release|Any CPU.ActiveCfg = Release|Any CPU
		{C6A72682-2107-4F0B-85EB-E98226E52DC5}.Release|Any CPU.Build.0 = Release|Any CPU
		{54DAD429-2D48-45AE-A023-CB75A5E1635A}.Debug|Any CPU.ActiveCfg = Debug|Any CPU
		{54DAD429-2D48-45AE-A023-CB75A5E1635A}.Debug|Any CPU.Build.0 = Debug|Any CPU
		{54DAD429-2D48-45AE-A023-CB75A5E1635A}.Release|Any CPU.ActiveCfg = Release|Any CPU
		{54DAD429-2D48-45AE-A023-CB75A5E1635A}.Release|Any CPU.Build.0 = Release|Any CPU
		{D53CE18E-E7C3-452A-8DCC-9B3E2D5F8DA6}.Debug|Any CPU.ActiveCfg = Debug|Any CPU
		{D53CE18E-E7C3-452A-8DCC-9B3E2D5F8DA6}.Debug|Any CPU.Build.0 = Debug|Any CPU
		{D53CE18E-E7C3-452A-8DCC-9B3E2D5F8DA6}.Release|Any CPU.ActiveCfg = Release|Any CPU
		{D53CE18E-E7C3-452A-8DCC-9B3E2D5F8DA6}.Release|Any CPU.Build.0 = Release|Any CPU
		{433C604E-12FF-4ACF-A7CE-9714A0832F21}.Debug|Any CPU.ActiveCfg = Debug|Any CPU
		{433C604E-12FF-4ACF-A7CE-9714A0832F21}.Debug|Any CPU.Build.0 = Debug|Any CPU
		{433C604E-12FF-4ACF-A7CE-9714A0832F21}.Release|Any CPU.ActiveCfg = Release|Any CPU
		{433C604E-12FF-4ACF-A7CE-9714A0832F21}.Release|Any CPU.Build.0 = Release|Any CPU
		{1CCDF73D-074E-41E0-BF23-1E2AA36BA205}.Debug|Any CPU.ActiveCfg = Debug|Any CPU
		{1CCDF73D-074E-41E0-BF23-1E2AA36BA205}.Debug|Any CPU.Build.0 = Debug|Any CPU
		{1CCDF73D-074E-41E0-BF23-1E2AA36BA205}.Release|Any CPU.ActiveCfg = Release|Any CPU
		{1CCDF73D-074E-41E0-BF23-1E2AA36BA205}.Release|Any CPU.Build.0 = Release|Any CPU
		{F33DE70F-7FBD-4CF7-BE70-5F511BA0D798}.Debug|Any CPU.ActiveCfg = Debug|Any CPU
		{F33DE70F-7FBD-4CF7-BE70-5F511BA0D798}.Debug|Any CPU.Build.0 = Debug|Any CPU
		{F33DE70F-7FBD-4CF7-BE70-5F511BA0D798}.Release|Any CPU.ActiveCfg = Release|Any CPU
		{F33DE70F-7FBD-4CF7-BE70-5F511BA0D798}.Release|Any CPU.Build.0 = Release|Any CPU
		{E61FC475-E25F-4544-A873-59F1B9216500}.Debug|Any CPU.ActiveCfg = Debug|Any CPU
		{E61FC475-E25F-4544-A873-59F1B9216500}.Debug|Any CPU.Build.0 = Debug|Any CPU
		{E61FC475-E25F-4544-A873-59F1B9216500}.Release|Any CPU.ActiveCfg = Release|Any CPU
		{E61FC475-E25F-4544-A873-59F1B9216500}.Release|Any CPU.Build.0 = Release|Any CPU
		{DD8FF908-F97D-4A70-8006-D2975BB7203F}.Debug|Any CPU.ActiveCfg = Debug|Any CPU
		{DD8FF908-F97D-4A70-8006-D2975BB7203F}.Debug|Any CPU.Build.0 = Debug|Any CPU
		{DD8FF908-F97D-4A70-8006-D2975BB7203F}.Release|Any CPU.ActiveCfg = Release|Any CPU
		{DD8FF908-F97D-4A70-8006-D2975BB7203F}.Release|Any CPU.Build.0 = Release|Any CPU
		{FA07B222-8085-462A-913F-DC6245D338F1}.Debug|Any CPU.ActiveCfg = Debug|Any CPU
		{FA07B222-8085-462A-913F-DC6245D338F1}.Debug|Any CPU.Build.0 = Debug|Any CPU
		{FA07B222-8085-462A-913F-DC6245D338F1}.Release|Any CPU.ActiveCfg = Release|Any CPU
		{FA07B222-8085-462A-913F-DC6245D338F1}.Release|Any CPU.Build.0 = Release|Any CPU
		{F5BFE86E-0073-4F7F-8902-6E3892D7140F}.Debug|Any CPU.ActiveCfg = Debug|Any CPU
		{F5BFE86E-0073-4F7F-8902-6E3892D7140F}.Debug|Any CPU.Build.0 = Debug|Any CPU
		{F5BFE86E-0073-4F7F-8902-6E3892D7140F}.Release|Any CPU.ActiveCfg = Release|Any CPU
		{F5BFE86E-0073-4F7F-8902-6E3892D7140F}.Release|Any CPU.Build.0 = Release|Any CPU
		{6EEF5720-D6B2-4230-877F-77337FF8EF25}.Debug|Any CPU.ActiveCfg = Debug|Any CPU
		{6EEF5720-D6B2-4230-877F-77337FF8EF25}.Debug|Any CPU.Build.0 = Debug|Any CPU
		{6EEF5720-D6B2-4230-877F-77337FF8EF25}.Release|Any CPU.ActiveCfg = Release|Any CPU
		{6EEF5720-D6B2-4230-877F-77337FF8EF25}.Release|Any CPU.Build.0 = Release|Any CPU
		{FD60530B-D458-4FD9-87EF-B8F060DBD914}.Debug|Any CPU.ActiveCfg = Debug|Any CPU
		{FD60530B-D458-4FD9-87EF-B8F060DBD914}.Debug|Any CPU.Build.0 = Debug|Any CPU
		{FD60530B-D458-4FD9-87EF-B8F060DBD914}.Release|Any CPU.ActiveCfg = Release|Any CPU
		{FD60530B-D458-4FD9-87EF-B8F060DBD914}.Release|Any CPU.Build.0 = Release|Any CPU
		{168CDCF3-5C9C-4179-A257-0AC98B9A2FEB}.Debug|Any CPU.ActiveCfg = Debug|Any CPU
		{168CDCF3-5C9C-4179-A257-0AC98B9A2FEB}.Debug|Any CPU.Build.0 = Debug|Any CPU
		{168CDCF3-5C9C-4179-A257-0AC98B9A2FEB}.Release|Any CPU.ActiveCfg = Release|Any CPU
		{168CDCF3-5C9C-4179-A257-0AC98B9A2FEB}.Release|Any CPU.Build.0 = Release|Any CPU
		{F4A0D604-5A98-4857-A558-304BF72A3D89}.Debug|Any CPU.ActiveCfg = Debug|Any CPU
		{F4A0D604-5A98-4857-A558-304BF72A3D89}.Debug|Any CPU.Build.0 = Debug|Any CPU
		{F4A0D604-5A98-4857-A558-304BF72A3D89}.Release|Any CPU.ActiveCfg = Release|Any CPU
		{F4A0D604-5A98-4857-A558-304BF72A3D89}.Release|Any CPU.Build.0 = Release|Any CPU
		{818BE394-BAA2-4C87-8CFE-A06DEDBD71FD}.Debug|Any CPU.ActiveCfg = Debug|Any CPU
		{818BE394-BAA2-4C87-8CFE-A06DEDBD71FD}.Debug|Any CPU.Build.0 = Debug|Any CPU
		{818BE394-BAA2-4C87-8CFE-A06DEDBD71FD}.Release|Any CPU.ActiveCfg = Release|Any CPU
		{818BE394-BAA2-4C87-8CFE-A06DEDBD71FD}.Release|Any CPU.Build.0 = Release|Any CPU
		{C847DCE0-75C0-4EE0-A1BB-201361CDA0A4}.Debug|Any CPU.ActiveCfg = Debug|Any CPU
		{C847DCE0-75C0-4EE0-A1BB-201361CDA0A4}.Debug|Any CPU.Build.0 = Debug|Any CPU
		{C847DCE0-75C0-4EE0-A1BB-201361CDA0A4}.Release|Any CPU.ActiveCfg = Release|Any CPU
		{C847DCE0-75C0-4EE0-A1BB-201361CDA0A4}.Release|Any CPU.Build.0 = Release|Any CPU
		{44FC029C-2988-40E4-9FD0-519FABBCB41C}.Debug|Any CPU.ActiveCfg = Debug|Any CPU
		{44FC029C-2988-40E4-9FD0-519FABBCB41C}.Debug|Any CPU.Build.0 = Debug|Any CPU
		{44FC029C-2988-40E4-9FD0-519FABBCB41C}.Release|Any CPU.ActiveCfg = Release|Any CPU
		{44FC029C-2988-40E4-9FD0-519FABBCB41C}.Release|Any CPU.Build.0 = Release|Any CPU
		{5EE5BEE2-BAFA-4E53-A697-B1FDDB6EF1ED}.Debug|Any CPU.ActiveCfg = Debug|Any CPU
		{5EE5BEE2-BAFA-4E53-A697-B1FDDB6EF1ED}.Debug|Any CPU.Build.0 = Debug|Any CPU
		{5EE5BEE2-BAFA-4E53-A697-B1FDDB6EF1ED}.Release|Any CPU.ActiveCfg = Release|Any CPU
		{5EE5BEE2-BAFA-4E53-A697-B1FDDB6EF1ED}.Release|Any CPU.Build.0 = Release|Any CPU
		{8441F551-AA6F-4485-BB51-403A88651422}.Debug|Any CPU.ActiveCfg = Debug|Any CPU
		{8441F551-AA6F-4485-BB51-403A88651422}.Debug|Any CPU.Build.0 = Debug|Any CPU
		{8441F551-AA6F-4485-BB51-403A88651422}.Release|Any CPU.ActiveCfg = Release|Any CPU
		{8441F551-AA6F-4485-BB51-403A88651422}.Release|Any CPU.Build.0 = Release|Any CPU
	EndGlobalSection
	GlobalSection(SolutionProperties) = preSolution
		HideSolutionNode = FALSE
	EndGlobalSection
	GlobalSection(ExtensibilityGlobals) = postSolution
		SolutionGuid = {9C5846FB-5FFA-4A7E-B998-3D0F0E259BA8}
	EndGlobalSection
EndGlobal
